# This file is automatically @generated by Poetry 1.8.2 and should not be changed by hand.

[[package]]
name = "async-timeout"
version = "4.0.3"
description = "Timeout context manager for asyncio programs"
optional = false
python-versions = ">=3.7"
files = [
    {file = "async-timeout-4.0.3.tar.gz", hash = "sha256:4640d96be84d82d02ed59ea2b7105a0f7b33abe8703703cd0ab0bf87c427522f"},
    {file = "async_timeout-4.0.3-py3-none-any.whl", hash = "sha256:7405140ff1230c310e51dc27b3145b9092d659ce68ff733fb0cefe3ee42be028"},
]

[[package]]
name = "graphql-core"
version = "3.2.3"
description = "GraphQL implementation for Python, a port of GraphQL.js, the JavaScript reference implementation for GraphQL."
optional = false
python-versions = ">=3.6,<4"
files = [
    {file = "graphql-core-3.2.3.tar.gz", hash = "sha256:06d2aad0ac723e35b1cb47885d3e5c45e956a53bc1b209a9fc5369007fe46676"},
    {file = "graphql_core-3.2.3-py3-none-any.whl", hash = "sha256:5766780452bd5ec8ba133f8bf287dc92713e3868ddd83aee4faab9fc3e303dc3"},
]

[[package]]
name = "graphql-server"
version = "3.0.0b7"
description = "GraphQL Server tools for powering your server"
optional = false
python-versions = "*"
files = [
    {file = "graphql-server-3.0.0b7.tar.gz", hash = "sha256:99adc23fb40c2e5d304215e2730b945f2883ee008c93f302438d849ab1d4e9e7"},
]

[package.dependencies]
graphql-core = ">=3.2,<3.3"
typing-extensions = ">=4,<5"

[package.extras]
aiohttp = ["aiohttp (>=3.8,<4)"]
all = ["aiohttp (>=3.8,<4)", "flask (>=1,<4)", "graphql-core (>=3.2,<3.3)", "quart (>=0.15,<1)", "sanic (>=21.12,<24)", "typing-extensions (>=4,<5)", "webob (>=1.8.7,<2)"]
dev = ["Jinja2 (>=3.1,<4)", "aiohttp (>=3.8,<4)", "black (>=23.9,<23.10)", "check-manifest (>=0.47,<1)", "flake8 (>=6,<7)", "flask (>=1,<4)", "graphql-core (>=3.2,<3.3)", "isort (>=5,<6)", "mypy (>=1.6,<1.7)", "pytest (>=7.2,<8)", "pytest-asyncio (>=0.20,<1)", "pytest-cov (>=4,<5)", "quart (>=0.15,<1)", "sanic (>=21.12,<24)", "sanic-testing (>=22.3,<24)", "typing-extensions (>=4,<5)", "webob (>=1.8.7,<2)"]
flask = ["flask (>=1,<4)"]
quart = ["quart (>=0.15,<1)"]
sanic = ["sanic (>=21.12,<24)"]
test = ["Jinja2 (>=3.1,<4)", "aiohttp (>=3.8,<4)", "flask (>=1,<4)", "graphql-core (>=3.2,<3.3)", "pytest (>=7.2,<8)", "pytest-asyncio (>=0.20,<1)", "pytest-cov (>=4,<5)", "quart (>=0.15,<1)", "sanic (>=21.12,<24)", "sanic-testing (>=22.3,<24)", "typing-extensions (>=4,<5)", "webob (>=1.8.7,<2)"]
webob = ["webob (>=1.8.7,<2)"]

[[package]]
name = "redis"
version = "5.0.4"
description = "Python client for Redis database and key-value store"
optional = false
python-versions = ">=3.7"
files = [
    {file = "redis-5.0.4-py3-none-any.whl", hash = "sha256:7adc2835c7a9b5033b7ad8f8918d09b7344188228809c98df07af226d39dec91"},
    {file = "redis-5.0.4.tar.gz", hash = "sha256:ec31f2ed9675cc54c21ba854cfe0462e6faf1d83c8ce5944709db8a4700b9c61"},
]

[package.dependencies]
async-timeout = {version = ">=4.0.3", markers = "python_full_version < \"3.11.3\""}

[package.extras]
hiredis = ["hiredis (>=1.0.0)"]
ocsp = ["cryptography (>=36.0.1)", "pyopenssl (==20.0.1)", "requests (>=2.26.0)"]

[[package]]
name = "redis-dict"
version = "2.5.0"
description = "Dictionary with Redis as storage backend"
optional = false
python-versions = "*"
files = [
    {file = "redis_dict-2.5.0-py3-none-any.whl", hash = "sha256:bd64bc7c27b6249f2524a524380ea4d516f11e3bdd71b4ec37cda0ade7a666cd"},
    {file = "redis_dict-2.5.0.tar.gz", hash = "sha256:63b44ab4ae3f8dae5af9e819ac259a24a98843e9b7547832ee358f24c342a709"},
]

[package.dependencies]
redis = "*"

[[package]]
name = "typing-extensions"
version = "4.11.0"
description = "Backported and Experimental Type Hints for Python 3.8+"
optional = false
python-versions = ">=3.8"
files = [
    {file = "typing_extensions-4.11.0-py3-none-any.whl", hash = "sha256:c1f94d72897edaf4ce775bb7558d5b79d8126906a14ea5ed1635921406c0387a"},
    {file = "typing_extensions-4.11.0.tar.gz", hash = "sha256:83f085bd5ca59c80295fc2a82ab5dac679cbe02b9f33f7d83af68e241bea51b0"},
]

[metadata]
lock-version = "2.0"
python-versions = "^3.8"
content-hash = "2c76fdafada1a8fc7b56c83bc2c32084097c7261edbc6b4f344cc4dfcf6bae40"
